// !$*UTF8*$!
{
	archiveVersion = 1;
	classes = {
	};
	objectVersion = 50;
	objects = {

/* Begin PBXBuildFile section */
		05262EC62B00DF3700278FBB /* MapViewController.swift in Sources */ = {isa = PBXBuildFile; fileRef = 05262EC52B00DF3000278FBB /* MapViewController.swift */; };
		05B709692B012BAD0033F759 /* AttendeesViewController.swift in Sources */ = {isa = PBXBuildFile; fileRef = 05B709682B012BAD0033F759 /* AttendeesViewController.swift */; };
		416CA5F22B0033850055E281 /* keripik.ttf in Resources */ = {isa = PBXBuildFile; fileRef = 416CA5F12B0033850055E281 /* keripik.ttf */; };
		5A56E98F2B002A5700908226 /* AppDelegate.swift in Sources */ = {isa = PBXBuildFile; fileRef = 5A56E98E2B002A5700908226 /* AppDelegate.swift */; };
		5A56E9912B002A5700908226 /* SceneDelegate.swift in Sources */ = {isa = PBXBuildFile; fileRef = 5A56E9902B002A5700908226 /* SceneDelegate.swift */; };
		5A56E9932B002A5700908226 /* SigninViewController.swift in Sources */ = {isa = PBXBuildFile; fileRef = 5A56E9922B002A5700908226 /* SigninViewController.swift */; };
		5A56E9962B002A5700908226 /* Main.storyboard in Resources */ = {isa = PBXBuildFile; fileRef = 5A56E9942B002A5700908226 /* Main.storyboard */; };
		5A56E9982B002A5900908226 /* Assets.xcassets in Resources */ = {isa = PBXBuildFile; fileRef = 5A56E9972B002A5900908226 /* Assets.xcassets */; };
		5A56E99B2B002A5900908226 /* LaunchScreen.storyboard in Resources */ = {isa = PBXBuildFile; fileRef = 5A56E9992B002A5900908226 /* LaunchScreen.storyboard */; };
		5A56E9A42B002AAF00908226 /* HomeViewController.swift in Sources */ = {isa = PBXBuildFile; fileRef = 5A56E9A32B002AAF00908226 /* HomeViewController.swift */; };
		5A6BA9162B005E6000B7BEEE /* SettingViewController.swift in Sources */ = {isa = PBXBuildFile; fileRef = 5A6BA9152B005E6000B7BEEE /* SettingViewController.swift */; };
/* End PBXBuildFile section */

/* Begin PBXFileReference section */
		05262EC42B00D9AA00278FBB /* TestPlan.xctestplan */ = {isa = PBXFileReference; lastKnownFileType = text; path = TestPlan.xctestplan; sourceTree = "<group>"; };
		05262EC52B00DF3000278FBB /* MapViewController.swift */ = {isa = PBXFileReference; lastKnownFileType = sourcecode.swift; path = MapViewController.swift; sourceTree = "<group>"; };
		05B709682B012BAD0033F759 /* AttendeesViewController.swift */ = {isa = PBXFileReference; lastKnownFileType = sourcecode.swift; path = AttendeesViewController.swift; sourceTree = "<group>"; };
		416CA5F12B0033850055E281 /* keripik.ttf */ = {isa = PBXFileReference; lastKnownFileType = file; path = keripik.ttf; sourceTree = "<group>"; };
		5A56E98B2B002A5700908226 /* BubbleUp.app */ = {isa = PBXFileReference; explicitFileType = wrapper.application; includeInIndex = 0; path = BubbleUp.app; sourceTree = BUILT_PRODUCTS_DIR; };
		5A56E98E2B002A5700908226 /* AppDelegate.swift */ = {isa = PBXFileReference; lastKnownFileType = sourcecode.swift; path = AppDelegate.swift; sourceTree = "<group>"; };
		5A56E9902B002A5700908226 /* SceneDelegate.swift */ = {isa = PBXFileReference; lastKnownFileType = sourcecode.swift; path = SceneDelegate.swift; sourceTree = "<group>"; };
		5A56E9922B002A5700908226 /* SigninViewController.swift */ = {isa = PBXFileReference; lastKnownFileType = sourcecode.swift; path = SigninViewController.swift; sourceTree = "<group>"; };
		5A56E9952B002A5700908226 /* Base */ = {isa = PBXFileReference; lastKnownFileType = file.storyboard; name = Base; path = Base.lproj/Main.storyboard; sourceTree = "<group>"; };
		5A56E9972B002A5900908226 /* Assets.xcassets */ = {isa = PBXFileReference; lastKnownFileType = folder.assetcatalog; path = Assets.xcassets; sourceTree = "<group>"; };
		5A56E99A2B002A5900908226 /* Base */ = {isa = PBXFileReference; lastKnownFileType = file.storyboard; name = Base; path = Base.lproj/LaunchScreen.storyboard; sourceTree = "<group>"; };
		5A56E99C2B002A5900908226 /* Info.plist */ = {isa = PBXFileReference; lastKnownFileType = text.plist.xml; path = Info.plist; sourceTree = "<group>"; };
		5A56E9A32B002AAF00908226 /* HomeViewController.swift */ = {isa = PBXFileReference; lastKnownFileType = sourcecode.swift; path = HomeViewController.swift; sourceTree = "<group>"; };
		5A6BA9152B005E6000B7BEEE /* SettingViewController.swift */ = {isa = PBXFileReference; lastKnownFileType = sourcecode.swift; path = SettingViewController.swift; sourceTree = "<group>"; };
/* End PBXFileReference section */

/* Begin PBXFrameworksBuildPhase section */
		5A56E9882B002A5700908226 /* Frameworks */ = {
			isa = PBXFrameworksBuildPhase;
			buildActionMask = 2147483647;
			files = (
			);
			runOnlyForDeploymentPostprocessing = 0;
		};
/* End PBXFrameworksBuildPhase section */

/* Begin PBXGroup section */
		416CA5F02B0033710055E281 /* Fonts */ = {
			isa = PBXGroup;
			children = (
				416CA5F12B0033850055E281 /* keripik.ttf */,
			);
			path = Fonts;
			sourceTree = "<group>";
		};
		5A56E9822B002A5700908226 = {
			isa = PBXGroup;
			children = (
				05262EC42B00D9AA00278FBB /* TestPlan.xctestplan */,
				5A56E98D2B002A5700908226 /* BubbleUp */,
				5A56E98C2B002A5700908226 /* Products */,
			);
			sourceTree = "<group>";
		};
		5A56E98C2B002A5700908226 /* Products */ = {
			isa = PBXGroup;
			children = (
				5A56E98B2B002A5700908226 /* BubbleUp.app */,
			);
			name = Products;
			sourceTree = "<group>";
		};
		5A56E98D2B002A5700908226 /* BubbleUp */ = {
			isa = PBXGroup;
			children = (
				05262EC52B00DF3000278FBB /* MapViewController.swift */,
				416CA5F02B0033710055E281 /* Fonts */,
				5A56E98E2B002A5700908226 /* AppDelegate.swift */,
				5A56E9942B002A5700908226 /* Main.storyboard */,
				5A56E9902B002A5700908226 /* SceneDelegate.swift */,
				5A56E9922B002A5700908226 /* SigninViewController.swift */,
				5A56E9972B002A5900908226 /* Assets.xcassets */,
				5A56E9992B002A5900908226 /* LaunchScreen.storyboard */,
				5A56E99C2B002A5900908226 /* Info.plist */,
				5A56E9A32B002AAF00908226 /* HomeViewController.swift */,
				5A6BA9152B005E6000B7BEEE /* SettingViewController.swift */,
				05B709682B012BAD0033F759 /* AttendeesViewController.swift */,
			);
			path = BubbleUp;
			sourceTree = "<group>";
		};
/* End PBXGroup section */

/* Begin PBXNativeTarget section */
		5A56E98A2B002A5700908226 /* BubbleUp */ = {
			isa = PBXNativeTarget;
			buildConfigurationList = 5A56E99F2B002A5900908226 /* Build configuration list for PBXNativeTarget "BubbleUp" */;
			buildPhases = (
				5A56E9872B002A5700908226 /* Sources */,
				5A56E9882B002A5700908226 /* Frameworks */,
				5A56E9892B002A5700908226 /* Resources */,
			);
			buildRules = (
			);
			dependencies = (
			);
			name = BubbleUp;
			packageProductDependencies = (
			);
			productName = BubbleUp;
			productReference = 5A56E98B2B002A5700908226 /* BubbleUp.app */;
			productType = "com.apple.product-type.application";
		};
/* End PBXNativeTarget section */

/* Begin PBXProject section */
		5A56E9832B002A5700908226 /* Project object */ = {
			isa = PBXProject;
			attributes = {
				LastSwiftUpdateCheck = 1240;
				LastUpgradeCheck = 1240;
				TargetAttributes = {
					5A56E98A2B002A5700908226 = {
						CreatedOnToolsVersion = 12.4;
					};
				};
			};
			buildConfigurationList = 5A56E9862B002A5700908226 /* Build configuration list for PBXProject "BubbleUp" */;
			compatibilityVersion = "Xcode 9.3";
			developmentRegion = en;
			hasScannedForEncodings = 0;
			knownRegions = (
				en,
				Base,
			);
			mainGroup = 5A56E9822B002A5700908226;
			packageReferences = (
			);
			productRefGroup = 5A56E98C2B002A5700908226 /* Products */;
			projectDirPath = "";
			projectRoot = "";
			targets = (
				5A56E98A2B002A5700908226 /* BubbleUp */,
			);
		};
/* End PBXProject section */

/* Begin PBXResourcesBuildPhase section */
		5A56E9892B002A5700908226 /* Resources */ = {
			isa = PBXResourcesBuildPhase;
			buildActionMask = 2147483647;
			files = (
				5A56E99B2B002A5900908226 /* LaunchScreen.storyboard in Resources */,
				5A56E9982B002A5900908226 /* Assets.xcassets in Resources */,
				416CA5F22B0033850055E281 /* keripik.ttf in Resources */,
				5A56E9962B002A5700908226 /* Main.storyboard in Resources */,
			);
			runOnlyForDeploymentPostprocessing = 0;
		};
/* End PBXResourcesBuildPhase section */

/* Begin PBXSourcesBuildPhase section */
		5A56E9872B002A5700908226 /* Sources */ = {
			isa = PBXSourcesBuildPhase;
			buildActionMask = 2147483647;
			files = (
				5A6BA9162B005E6000B7BEEE /* SettingViewController.swift in Sources */,
				5A56E9932B002A5700908226 /* SigninViewController.swift in Sources */,
				5A56E98F2B002A5700908226 /* AppDelegate.swift in Sources */,
				5A56E9912B002A5700908226 /* SceneDelegate.swift in Sources */,
				05262EC62B00DF3700278FBB /* MapViewController.swift in Sources */,
				5A56E9A42B002AAF00908226 /* HomeViewController.swift in Sources */,
				05B709692B012BAD0033F759 /* AttendeesViewController.swift in Sources */,
			);
			runOnlyForDeploymentPostprocessing = 0;
		};
/* End PBXSourcesBuildPhase section */

/* Begin PBXVariantGroup section */
		5A56E9942B002A5700908226 /* Main.storyboard */ = {
			isa = PBXVariantGroup;
			children = (
				5A56E9952B002A5700908226 /* Base */,
			);
			name = Main.storyboard;
			sourceTree = "<group>";
		};
		5A56E9992B002A5900908226 /* LaunchScreen.storyboard */ = {
			isa = PBXVariantGroup;
			children = (
				5A56E99A2B002A5900908226 /* Base */,
			);
			name = LaunchScreen.storyboard;
			sourceTree = "<group>";
		};
/* End PBXVariantGroup section */

/* Begin XCBuildConfiguration section */
		5A56E99D2B002A5900908226 /* Debug */ = {
			isa = XCBuildConfiguration;
			buildSettings = {
				ALWAYS_SEARCH_USER_PATHS = NO;
				CLANG_ANALYZER_NONNULL = YES;
				CLANG_ANALYZER_NUMBER_OBJECT_CONVERSION = YES_AGGRESSIVE;
				CLANG_CXX_LANGUAGE_STANDARD = "gnu++14";
				CLANG_CXX_LIBRARY = "libc++";
				CLANG_ENABLE_MODULES = YES;
				CLANG_ENABLE_OBJC_ARC = YES;
				CLANG_ENABLE_OBJC_WEAK = YES;
				CLANG_WARN_BLOCK_CAPTURE_AUTORELEASING = YES;
				CLANG_WARN_BOOL_CONVERSION = YES;
				CLANG_WARN_COMMA = YES;
				CLANG_WARN_CONSTANT_CONVERSION = YES;
				CLANG_WARN_DEPRECATED_OBJC_IMPLEMENTATIONS = YES;
				CLANG_WARN_DIRECT_OBJC_ISA_USAGE = YES_ERROR;
				CLANG_WARN_DOCUMENTATION_COMMENTS = YES;
				CLANG_WARN_EMPTY_BODY = YES;
				CLANG_WARN_ENUM_CONVERSION = YES;
				CLANG_WARN_INFINITE_RECURSION = YES;
				CLANG_WARN_INT_CONVERSION = YES;
				CLANG_WARN_NON_LITERAL_NULL_CONVERSION = YES;
				CLANG_WARN_OBJC_IMPLICIT_RETAIN_SELF = YES;
				CLANG_WARN_OBJC_LITERAL_CONVERSION = YES;
				CLANG_WARN_OBJC_ROOT_CLASS = YES_ERROR;
				CLANG_WARN_QUOTED_INCLUDE_IN_FRAMEWORK_HEADER = YES;
				CLANG_WARN_RANGE_LOOP_ANALYSIS = YES;
				CLANG_WARN_STRICT_PROTOTYPES = YES;
				CLANG_WARN_SUSPICIOUS_MOVE = YES;
				CLANG_WARN_UNGUARDED_AVAILABILITY = YES_AGGRESSIVE;
				CLANG_WARN_UNREACHABLE_CODE = YES;
				CLANG_WARN__DUPLICATE_METHOD_MATCH = YES;
				COPY_PHASE_STRIP = NO;
				DEBUG_INFORMATION_FORMAT = dwarf;
				ENABLE_STRICT_OBJC_MSGSEND = YES;
				ENABLE_TESTABILITY = YES;
				GCC_C_LANGUAGE_STANDARD = gnu11;
				GCC_DYNAMIC_NO_PIC = NO;
				GCC_NO_COMMON_BLOCKS = YES;
				GCC_OPTIMIZATION_LEVEL = 0;
				GCC_PREPROCESSOR_DEFINITIONS = (
					"DEBUG=1",
					"$(inherited)",
				);
				GCC_WARN_64_TO_32_BIT_CONVERSION = YES;
				GCC_WARN_ABOUT_RETURN_TYPE = YES_ERROR;
				GCC_WARN_UNDECLARED_SELECTOR = YES;
				GCC_WARN_UNINITIALIZED_AUTOS = YES_AGGRESSIVE;
				GCC_WARN_UNUSED_FUNCTION = YES;
				GCC_WARN_UNUSED_VARIABLE = YES;
				IPHONEOS_DEPLOYMENT_TARGET = 14.4;
				MTL_ENABLE_DEBUG_INFO = INCLUDE_SOURCE;
				MTL_FAST_MATH = YES;
				ONLY_ACTIVE_ARCH = YES;
				SDKROOT = iphoneos;
				SWIFT_ACTIVE_COMPILATION_CONDITIONS = DEBUG;
				SWIFT_OPTIMIZATION_LEVEL = "-Onone";
			};
			name = Debug;
		};
		5A56E99E2B002A5900908226 /* Release */ = {
			isa = XCBuildConfiguration;
			buildSettings = {
				ALWAYS_SEARCH_USER_PATHS = NO;
				CLANG_ANALYZER_NONNULL = YES;
				CLANG_ANALYZER_NUMBER_OBJECT_CONVERSION = YES_AGGRESSIVE;
				CLANG_CXX_LANGUAGE_STANDARD = "gnu++14";
				CLANG_CXX_LIBRARY = "libc++";
				CLANG_ENABLE_MODULES = YES;
				CLANG_ENABLE_OBJC_ARC = YES;
				CLANG_ENABLE_OBJC_WEAK = YES;
				CLANG_WARN_BLOCK_CAPTURE_AUTORELEASING = YES;
				CLANG_WARN_BOOL_CONVERSION = YES;
				CLANG_WARN_COMMA = YES;
				CLANG_WARN_CONSTANT_CONVERSION = YES;
				CLANG_WARN_DEPRECATED_OBJC_IMPLEMENTATIONS = YES;
				CLANG_WARN_DIRECT_OBJC_ISA_USAGE = YES_ERROR;
				CLANG_WARN_DOCUMENTATION_COMMENTS = YES;
				CLANG_WARN_EMPTY_BODY = YES;
				CLANG_WARN_ENUM_CONVERSION = YES;
				CLANG_WARN_INFINITE_RECURSION = YES;
				CLANG_WARN_INT_CONVERSION = YES;
				CLANG_WARN_NON_LITERAL_NULL_CONVERSION = YES;
				CLANG_WARN_OBJC_IMPLICIT_RETAIN_SELF = YES;
				CLANG_WARN_OBJC_LITERAL_CONVERSION = YES;
				CLANG_WARN_OBJC_ROOT_CLASS = YES_ERROR;
				CLANG_WARN_QUOTED_INCLUDE_IN_FRAMEWORK_HEADER = YES;
				CLANG_WARN_RANGE_LOOP_ANALYSIS = YES;
				CLANG_WARN_STRICT_PROTOTYPES = YES;
				CLANG_WARN_SUSPICIOUS_MOVE = YES;
				CLANG_WARN_UNGUARDED_AVAILABILITY = YES_AGGRESSIVE;
				CLANG_WARN_UNREACHABLE_CODE = YES;
				CLANG_WARN__DUPLICATE_METHOD_MATCH = YES;
				COPY_PHASE_STRIP = NO;
				DEBUG_INFORMATION_FORMAT = "dwarf-with-dsym";
				ENABLE_NS_ASSERTIONS = NO;
				ENABLE_STRICT_OBJC_MSGSEND = YES;
				GCC_C_LANGUAGE_STANDARD = gnu11;
				GCC_NO_COMMON_BLOCKS = YES;
				GCC_WARN_64_TO_32_BIT_CONVERSION = YES;
				GCC_WARN_ABOUT_RETURN_TYPE = YES_ERROR;
				GCC_WARN_UNDECLARED_SELECTOR = YES;
				GCC_WARN_UNINITIALIZED_AUTOS = YES_AGGRESSIVE;
				GCC_WARN_UNUSED_FUNCTION = YES;
				GCC_WARN_UNUSED_VARIABLE = YES;
				IPHONEOS_DEPLOYMENT_TARGET = 14.4;
				MTL_ENABLE_DEBUG_INFO = NO;
				MTL_FAST_MATH = YES;
				SDKROOT = iphoneos;
				SWIFT_COMPILATION_MODE = wholemodule;
				SWIFT_OPTIMIZATION_LEVEL = "-O";
				VALIDATE_PRODUCT = YES;
			};
			name = Release;
		};
		5A56E9A02B002A5900908226 /* Debug */ = {
			isa = XCBuildConfiguration;
			buildSettings = {
				ASSETCATALOG_COMPILER_APPICON_NAME = AppIcon;
				ASSETCATALOG_COMPILER_GLOBAL_ACCENT_COLOR_NAME = AccentColor;
				CODE_SIGN_STYLE = Automatic;
				DEVELOPMENT_TEAM = DM8LPY3K46;
				INFOPLIST_FILE = BubbleUp/Info.plist;
				LD_RUNPATH_SEARCH_PATHS = (
					"$(inherited)",
					"@executable_path/Frameworks",
				);
				PRODUCT_BUNDLE_IDENTIFIER = TestPlan;
				PRODUCT_NAME = "$(TARGET_NAME)";
				SWIFT_VERSION = 5.0;
				TARGETED_DEVICE_FAMILY = "1,2";
			};
			name = Debug;
		};
		5A56E9A12B002A5900908226 /* Release */ = {
			isa = XCBuildConfiguration;
			buildSettings = {
				ASSETCATALOG_COMPILER_APPICON_NAME = AppIcon;
				ASSETCATALOG_COMPILER_GLOBAL_ACCENT_COLOR_NAME = AccentColor;
				CODE_SIGN_STYLE = Automatic;
				DEVELOPMENT_TEAM = DM8LPY3K46;
				INFOPLIST_FILE = BubbleUp/Info.plist;
				LD_RUNPATH_SEARCH_PATHS = (
					"$(inherited)",
					"@executable_path/Frameworks",
				);
				PRODUCT_BUNDLE_IDENTIFIER = TestPlan;
				PRODUCT_NAME = "$(TARGET_NAME)";
				SWIFT_VERSION = 5.0;
				TARGETED_DEVICE_FAMILY = "1,2";
			};
			name = Release;
		};
/* End XCBuildConfiguration section */

/* Begin XCConfigurationList section */
		5A56E9862B002A5700908226 /* Build configuration list for PBXProject "BubbleUp" */ = {
			isa = XCConfigurationList;
			buildConfigurations = (
				5A56E99D2B002A5900908226 /* Debug */,
				5A56E99E2B002A5900908226 /* Release */,
			);
			defaultConfigurationIsVisible = 0;
			defaultConfigurationName = Release;
		};
		5A56E99F2B002A5900908226 /* Build configuration list for PBXNativeTarget "BubbleUp" */ = {
			isa = XCConfigurationList;
			buildConfigurations = (
				5A56E9A02B002A5900908226 /* Debug */,
				5A56E9A12B002A5900908226 /* Release */,
			);
			defaultConfigurationIsVisible = 0;
			defaultConfigurationName = Release;
		};
/* End XCConfigurationList section */
	};
	rootObject = 5A56E9832B002A5700908226 /* Project object */;
}
